
Microsoft Visual Studio Solution File, Format Version 12.00
Project("{FAE04EC0-301F-11D3-BF4B-00C04F79EFBC}") = "ConsoleApp1", "ConsoleApp1\ConsoleApp1.csproj", "{59C19091-9839-4878-9E69-BE2A20138755}"
EndProject
Project("{FAE04EC0-301F-11D3-BF4B-00C04F79EFBC}") = "CalculationLibrary", "CalculationLibrary\CalculationLibrary.csproj", "{6AFEC75E-7B3D-4E3A-9B52-41ECE5E6CE98}"
EndProject
Global
	GlobalSection(SolutionConfigurationPlatforms) = preSolution
		Debug|Any CPU = Debug|Any CPU
		Release|Any CPU = Release|Any CPU
	EndGlobalSection
	GlobalSection(ProjectConfigurationPlatforms) = postSolution
		{6AFEC75E-7B3D-4E3A-9B52-41ECE5E6CE98}.Debug|Any CPU.ActiveCfg = Debug|Any CPU
		{6AFEC75E-7B3D-4E3A-9B52-41ECE5E6CE98}.Debug|Any CPU.Build.0 = Debug|Any CPU
		{6AFEC75E-7B3D-4E3A-9B52-41ECE5E6CE98}.Release|Any CPU.ActiveCfg = Release|Any CPU
		{6AFEC75E-7B3D-4E3A-9B52-41ECE5E6CE98}.Release|Any CPU.Build.0 = Release|Any CPU
		{59C19091-9839-4878-9E69-BE2A20138755}.Debug|Any CPU.ActiveCfg = Debug|Any CPU
		{59C19091-9839-4878-9E69-BE2A20138755}.Debug|Any CPU.Build.0 = Debug|Any CPU
	EndGlobalSection
EndGlobal
